
Microsoft Visual Studio Solution File, Format Version 12.00
# Visual Studio 2012
Project("{FAE04EC0-301F-11D3-BF4B-00C04F79EFBC}") = "pf-analyzer", "pf-analyzer\pf-analyzer.csproj", "{E976E9F0-6443-43C3-A06D-890F0E765D94}"
EndProject
Global
	GlobalSection(SolutionConfigurationPlatforms) = preSolution
		Debug|Any CPU = Debug|Any CPU
		Release|Any CPU = Release|Any CPU
	EndGlobalSection
	GlobalSection(ProjectConfigurationPlatforms) = postSolution
		{E976E9F0-6443-43C3-A06D-890F0E765D94}.Debug|Any CPU.ActiveCfg = Debug|Any CPU
		{E976E9F0-6443-43C3-A06D-890F0E765D94}.Debug|Any CPU.Build.0 = Debug|Any CPU
		{E976E9F0-6443-43C3-A06D-890F0E765D94}.Release|Any CPU.ActiveCfg = Release|Any CPU
		{E976E9F0-6443-43C3-A06D-890F0E765D94}.Release|Any CPU.Build.0 = Release|Any CPU
	EndGlobalSection
	GlobalSection(SolutionProperties) = preSolution
		HideSolutionNode = FALSE
	EndGlobalSection
EndGlobal
